
Microsoft Visual Studio Solution File, Format Version 12.00
# Visual Studio Version 17
VisualStudioVersion = 17.14.36119.2 d17.14
MinimumVisualStudioVersion = 10.0.40219.1
Project("{FAE04EC0-301F-11D3-BF4B-00C04F79EFBC}") = "downloader", "downloader\downloader.csproj", "{CA965F81-6C0F-4D53-9C13-88B197AD61DF}"
EndProject
Global
	GlobalSection(SolutionConfigurationPlatforms) = preSolution
		Debug|Any CPU = Debug|Any CPU
		Release|Any CPU = Release|Any CPU
	EndGlobalSection
	GlobalSection(ProjectConfigurationPlatforms) = postSolution
		{CA965F81-6C0F-4D53-9C13-88B197AD61DF}.Debug|Any CPU.ActiveCfg = Debug|Any CPU
		{CA965F81-6C0F-4D53-9C13-88B197AD61DF}.Debug|Any CPU.Build.0 = Debug|Any CPU
		{CA965F81-6C0F-4D53-9C13-88B197AD61DF}.Release|Any CPU.ActiveCfg = Release|Any CPU
		{CA965F81-6C0F-4D53-9C13-88B197AD61DF}.Release|Any CPU.Build.0 = Release|Any CPU
	EndGlobalSection
	GlobalSection(SolutionProperties) = preSolution
		HideSolutionNode = FALSE
	EndGlobalSection
	GlobalSection(ExtensibilityGlobals) = postSolution
		SolutionGuid = {823BDCB7-FD61-4761-9CAB-47D80B71A96A}
	EndGlobalSection
EndGlobal
